
Microsoft Visual Studio Solution File, Format Version 12.00
# Visual Studio Version 17
VisualStudioVersion = 17.9.34728.123
MinimumVisualStudioVersion = 10.0.40219.1
Project("{FAE04EC0-301F-11D3-BF4B-00C04F79EFBC}") = "MVC_Project4", "MVC_Project4\MVC_Project4.csproj", "{BCF4FBB9-2415-48A3-887A-A2E7258DB966}"
EndProject
Global
	GlobalSection(SolutionConfigurationPlatforms) = preSolution
		Debug|Any CPU = Debug|Any CPU
		Release|Any CPU = Release|Any CPU
	EndGlobalSection
	GlobalSection(ProjectConfigurationPlatforms) = postSolution
		{BCF4FBB9-2415-48A3-887A-A2E7258DB966}.Debug|Any CPU.ActiveCfg = Debug|Any CPU
		{BCF4FBB9-2415-48A3-887A-A2E7258DB966}.Debug|Any CPU.Build.0 = Debug|Any CPU
		{BCF4FBB9-2415-48A3-887A-A2E7258DB966}.Release|Any CPU.ActiveCfg = Release|Any CPU
		{BCF4FBB9-2415-48A3-887A-A2E7258DB966}.Release|Any CPU.Build.0 = Release|Any CPU
	EndGlobalSection
	GlobalSection(SolutionProperties) = preSolution
		HideSolutionNode = FALSE
	EndGlobalSection
	GlobalSection(ExtensibilityGlobals) = postSolution
		SolutionGuid = {6EC01C87-704E-4604-97E8-20EA7442EB8D}
	EndGlobalSection
EndGlobal
